
Microsoft Visual Studio Solution File, Format Version 12.00
# Visual Studio 15
VisualStudioVersion = 15.0.28307.572
MinimumVisualStudioVersion = 10.0.40219.1
Project("{D2ABAB84-BF74-430A-B69E-9DC6D40DDA17}") = "BasciDataMining", "BasciDataMining\BasciDataMining.dwproj", "{0738DC5B-BFE4-493F-9768-281108E9C532}"
EndProject
Global
	GlobalSection(SolutionConfigurationPlatforms) = preSolution
		Development|Default = Development|Default
	EndGlobalSection
	GlobalSection(ProjectConfigurationPlatforms) = postSolution
		{0738DC5B-BFE4-493F-9768-281108E9C532}.Development|Default.ActiveCfg = Development
		{0738DC5B-BFE4-493F-9768-281108E9C532}.Development|Default.Build.0 = Development
		{0738DC5B-BFE4-493F-9768-281108E9C532}.Development|Default.Deploy.0 = Development
	EndGlobalSection
	GlobalSection(SolutionProperties) = preSolution
		HideSolutionNode = FALSE
	EndGlobalSection
	GlobalSection(ExtensibilityGlobals) = postSolution
		SolutionGuid = {8880A2EC-69C6-4453-BE74-E8AA1C70C1E8}
	EndGlobalSection
EndGlobal
